dependencies:
- name: minio
  repository: https://charts.bitnami.com/bitnami
  version: 11.10.7
- name: docker-registry
  repository: https://helm.twun.io
  version: 2.2.2
- name: ingress-nginx
  repository: https://kubernetes.github.io/ingress-nginx
  version: 4.3.0
digest: sha256:9f84b5030668049b638f69b5b5565c0d9608043c175014d6eb7bb68f38317791
generated: "2022-10-12T11:05:42.952680308+01:00"
