dependencies:
- name: minio
  repository: https://charts.bitnami.com/bitnami
  version: 11.10.7
- name: docker-registry
  repository: https://helm.twun.io
  version: 2.2.2
digest: sha256:4f031259b22fa9ab49f9b1c6da51a5aa21cf0751e15b2a89aecbc25919877574
generated: "2022-10-12T11:04:25.672697493+01:00"
